
Microsoft Visual Studio Solution File, Format Version 12.00
# Visual Studio Version 17
VisualStudioVersion = 17.11.35208.52
MinimumVisualStudioVersion = 10.0.40219.1
Project("{FAE04EC0-301F-11D3-BF4B-00C04F79EFBC}") = "Library", "Libriry\Library.csproj", "{28E6CE30-AFAA-455F-BF5D-D356EAC766E8}"
EndProject
Global
	GlobalSection(SolutionConfigurationPlatforms) = preSolution
		Debug|Any CPU = Debug|Any CPU
		Release|Any CPU = Release|Any CPU
	EndGlobalSection
	GlobalSection(ProjectConfigurationPlatforms) = postSolution
		{28E6CE30-AFAA-455F-BF5D-D356EAC766E8}.Debug|Any CPU.ActiveCfg = Debug|Any CPU
		{28E6CE30-AFAA-455F-BF5D-D356EAC766E8}.Debug|Any CPU.Build.0 = Debug|Any CPU
		{28E6CE30-AFAA-455F-BF5D-D356EAC766E8}.Release|Any CPU.ActiveCfg = Release|Any CPU
		{28E6CE30-AFAA-455F-BF5D-D356EAC766E8}.Release|Any CPU.Build.0 = Release|Any CPU
	EndGlobalSection
	GlobalSection(SolutionProperties) = preSolution
		HideSolutionNode = FALSE
	EndGlobalSection
	GlobalSection(ExtensibilityGlobals) = postSolution
		SolutionGuid = {81FF89D6-A031-40A0-B903-3013763FCFB5}
	EndGlobalSection
EndGlobal
